
Microsoft Visual Studio Solution File, Format Version 12.00
# Visual Studio Version 17
VisualStudioVersion = 17.9.34723.18
MinimumVisualStudioVersion = 10.0.40219.1
Project("{FAE04EC0-301F-11D3-BF4B-00C04F79EFBC}") = "Calculator", "Calculator\Calculator.csproj", "{F1C600B0-76B8-44A5-8C90-37012D6141FF}"
EndProject
Global
	GlobalSection(SolutionConfigurationPlatforms) = preSolution
		Debug|Any CPU = Debug|Any CPU
		Release|Any CPU = Release|Any CPU
	EndGlobalSection
	GlobalSection(ProjectConfigurationPlatforms) = postSolution
		{F1C600B0-76B8-44A5-8C90-37012D6141FF}.Debug|Any CPU.ActiveCfg = Debug|Any CPU
		{F1C600B0-76B8-44A5-8C90-37012D6141FF}.Debug|Any CPU.Build.0 = Debug|Any CPU
		{F1C600B0-76B8-44A5-8C90-37012D6141FF}.Release|Any CPU.ActiveCfg = Release|Any CPU
		{F1C600B0-76B8-44A5-8C90-37012D6141FF}.Release|Any CPU.Build.0 = Release|Any CPU
	EndGlobalSection
	GlobalSection(SolutionProperties) = preSolution
		HideSolutionNode = FALSE
	EndGlobalSection
	GlobalSection(ExtensibilityGlobals) = postSolution
		SolutionGuid = {0B8F84A4-4A95-46F1-B3B3-191FC5937FC4}
	EndGlobalSection
EndGlobal
